
Microsoft Visual Studio Solution File, Format Version 12.00
# Visual Studio Version 17
VisualStudioVersion = 17.5.33627.172
MinimumVisualStudioVersion = 10.0.40219.1
Project("{FAE04EC0-301F-11D3-BF4B-00C04F79EFBC}") = "BetterUtilla", "BetterUtilla.csproj", "{8CE1526E-1917-47AE-A10A-0DB70A1BD623}"
EndProject
Global
	GlobalSection(SolutionConfigurationPlatforms) = preSolution
		Debug|Any CPU = Debug|Any CPU
		Release|Any CPU = Release|Any CPU
	EndGlobalSection
	GlobalSection(ProjectConfigurationPlatforms) = postSolution
		{8CE1526E-1917-47AE-A10A-0DB70A1BD623}.Debug|Any CPU.ActiveCfg = Debug|Any CPU
		{8CE1526E-1917-47AE-A10A-0DB70A1BD623}.Debug|Any CPU.Build.0 = Debug|Any CPU
		{8CE1526E-1917-47AE-A10A-0DB70A1BD623}.Release|Any CPU.ActiveCfg = Release|Any CPU
		{8CE1526E-1917-47AE-A10A-0DB70A1BD623}.Release|Any CPU.Build.0 = Release|Any CPU
	EndGlobalSection
	GlobalSection(SolutionProperties) = preSolution
		HideSolutionNode = FALSE
	EndGlobalSection
	GlobalSection(ExtensibilityGlobals) = postSolution
		SolutionGuid = {34707937-7034-4BFB-BFBB-EF3966C1A94A}
	EndGlobalSection
EndGlobal
